// !$*UTF8*$!
{
	archiveVersion = 1;
	classes = {
	};
	objectVersion = 77;
	objects = {

/* Begin PBXBuildFile section */
		4B19739B2D387A11005D5F03 /* SpellComponent.swift in Sources */ = {isa = PBXBuildFile; fileRef = 4BD11DEA2D30AD4E00E5D356 /* SpellComponent.swift */; };
		4B1973A22D388741005D5F03 /* XCTest.framework in Frameworks */ = {isa = PBXBuildFile; fileRef = 4B1973A12D388741005D5F03 /* XCTest.framework */; platformFilter = ios; };
		4B1973A32D388760005D5F03 /* XCTest.framework in Frameworks */ = {isa = PBXBuildFile; fileRef = 4B1973A12D388741005D5F03 /* XCTest.framework */; };
		4B88C0412D3DD619000D34DE /* Spell.swift in Sources */ = {isa = PBXBuildFile; fileRef = 4BD11DEB2D30AD5900E5D356 /* Spell.swift */; };
		4BE4C3DB2D3EBD810003DC7F /* BattleState.swift in Sources */ = {isa = PBXBuildFile; fileRef = 4BD11DE92D30AD4600E5D356 /* BattleState.swift */; };
		4BE9C7152D400CB600193AC1 /* User.swift in Sources */ = {isa = PBXBuildFile; fileRef = 4BD11DEC2D30AD6000E5D356 /* User.swift */; };
/* End PBXBuildFile section */

/* Begin PBXContainerItemProxy section */
		4B1973962D387697005D5F03 /* PBXContainerItemProxy */ = {
			isa = PBXContainerItemProxy;
			containerPortal = 4BD11DA82D30A14A00E5D356 /* Project object */;
			proxyType = 1;
			remoteGlobalIDString = 4BD11DB42D30A14B00E5D356;
			remoteInfo = "Wizard-Game iOS";
		};
/* End PBXContainerItemProxy section */

/* Begin PBXFileReference section */
		4B1973922D387697005D5F03 /* spellComponentsTest.xctest */ = {isa = PBXFileReference; explicitFileType = wrapper.cfbundle; includeInIndex = 0; path = spellComponentsTest.xctest; sourceTree = BUILT_PRODUCTS_DIR; };
		4B1973A12D388741005D5F03 /* XCTest.framework */ = {isa = PBXFileReference; lastKnownFileType = wrapper.framework; name = XCTest.framework; path = Platforms/iPhoneOS.platform/Developer/Library/Frameworks/XCTest.framework; sourceTree = DEVELOPER_DIR; };
		4BD11DB52D30A14B00E5D356 /* Wizard-Game.app */ = {isa = PBXFileReference; explicitFileType = wrapper.application; includeInIndex = 0; path = "Wizard-Game.app"; sourceTree = BUILT_PRODUCTS_DIR; };
		4BD11DE42D30AD0A00E5D356 /* AppDelegate.swift */ = {isa = PBXFileReference; lastKnownFileType = sourcecode.swift; path = AppDelegate.swift; sourceTree = "<group>"; };
		4BD11DE52D30AD1400E5D356 /* SceneDelegate.swift */ = {isa = PBXFileReference; lastKnownFileType = sourcecode.swift; path = SceneDelegate.swift; sourceTree = "<group>"; };
		4BD11DE92D30AD4600E5D356 /* BattleState.swift */ = {isa = PBXFileReference; lastKnownFileType = sourcecode.swift; path = BattleState.swift; sourceTree = "<group>"; };
		4BD11DEA2D30AD4E00E5D356 /* SpellComponent.swift */ = {isa = PBXFileReference; lastKnownFileType = sourcecode.swift; path = SpellComponent.swift; sourceTree = "<group>"; };
		4BD11DEB2D30AD5900E5D356 /* Spell.swift */ = {isa = PBXFileReference; lastKnownFileType = sourcecode.swift; path = Spell.swift; sourceTree = "<group>"; };
		4BD11DEC2D30AD6000E5D356 /* User.swift */ = {isa = PBXFileReference; lastKnownFileType = sourcecode.swift; path = User.swift; sourceTree = "<group>"; };
		4BD11DED2D30AD6A00E5D356 /* UserManager.swift */ = {isa = PBXFileReference; lastKnownFileType = sourcecode.swift; path = UserManager.swift; sourceTree = "<group>"; };
		4BD11DEF2D30AD7B00E5D356 /* NetworkManager.swift */ = {isa = PBXFileReference; lastKnownFileType = sourcecode.swift; path = NetworkManager.swift; sourceTree = "<group>"; };
		4BD11DF02D30AD8300E5D356 /* PythonInterpreter.swift */ = {isa = PBXFileReference; lastKnownFileType = sourcecode.swift; path = PythonInterpreter.swift; sourceTree = "<group>"; };
		4BD11DF12D30ADF200E5D356 /* Constants.swift */ = {isa = PBXFileReference; lastKnownFileType = sourcecode.swift; path = Constants.swift; sourceTree = "<group>"; };
		4BD11DF22D30ADF900E5D356 /* Extensions.swift */ = {isa = PBXFileReference; lastKnownFileType = sourcecode.swift; path = Extensions.swift; sourceTree = "<group>"; };
		4BD11DF72D30AE2E00E5D356 /* MainMenuViewController.swift */ = {isa = PBXFileReference; lastKnownFileType = sourcecode.swift; path = MainMenuViewController.swift; sourceTree = "<group>"; };
		4BD11DF82D30AE3700E5D356 /* MainTabBarController.swift */ = {isa = PBXFileReference; lastKnownFileType = sourcecode.swift; path = MainTabBarController.swift; sourceTree = "<group>"; };
		4BD11DF92D30AE4700E5D356 /* BattleTomeViewController.swift */ = {isa = PBXFileReference; lastKnownFileType = sourcecode.swift; path = BattleTomeViewController.swift; sourceTree = "<group>"; };
		4BD11DFA2D30AE5400E5D356 /* SpellEditorViewController.swift */ = {isa = PBXFileReference; lastKnownFileType = sourcecode.swift; path = SpellEditorViewController.swift; sourceTree = "<group>"; };
		4BD11DFB2D30AE5E00E5D356 /* GrimoireViewController.swift */ = {isa = PBXFileReference; lastKnownFileType = sourcecode.swift; path = GrimoireViewController.swift; sourceTree = "<group>"; };
		4BD11DFC2D30AE6A00E5D356 /* MatchMakingViewController.swift */ = {isa = PBXFileReference; lastKnownFileType = sourcecode.swift; path = MatchMakingViewController.swift; sourceTree = "<group>"; };
		4BD11DFD2D30AE7600E5D356 /* GameScene.swift */ = {isa = PBXFileReference; lastKnownFileType = sourcecode.swift; path = GameScene.swift; sourceTree = "<group>"; };
		4BD11DFE2D30AE7E00E5D356 /* BattleViewController.swift */ = {isa = PBXFileReference; lastKnownFileType = sourcecode.swift; path = BattleViewController.swift; sourceTree = "<group>"; };
		4BD11DFF2D30AE8900E5D356 /* WizardNode.swift */ = {isa = PBXFileReference; lastKnownFileType = sourcecode.swift; path = WizardNode.swift; sourceTree = "<group>"; };
		4BD11E002D30AE9100E5D356 /* GameBoardView.swift */ = {isa = PBXFileReference; lastKnownFileType = sourcecode.swift; path = GameBoardView.swift; sourceTree = "<group>"; };
		4BD11E012D30AE9900E5D356 /* SpellCardView.swift */ = {isa = PBXFileReference; lastKnownFileType = sourcecode.swift; path = SpellCardView.swift; sourceTree = "<group>"; };
		4BD11E072D30AEF200E5D356 /* GameConfiguration.swift */ = {isa = PBXFileReference; lastKnownFileType = sourcecode.swift; path = GameConfiguration.swift; sourceTree = "<group>"; };
		4BD11E082D30AEFB00E5D356 /* Info.plist */ = {isa = PBXFileReference; lastKnownFileType = text.plist; path = Info.plist; sourceTree = "<group>"; };
/* End PBXFileReference section */

/* Begin PBXFileSystemSynchronizedBuildFileExceptionSet section */
		4B19739E2D387A2C005D5F03 /* Exceptions for "spellComponentsTest" folder in "Wizard-Game iOS" target */ = {
			isa = PBXFileSystemSynchronizedBuildFileExceptionSet;
			membershipExceptions = (
				spellComponentsTest.swift,
			);
			target = 4BD11DB42D30A14B00E5D356 /* Wizard-Game iOS */;
		};
		4B19739F2D3882C0005D5F03 /* Exceptions for "spellComponentsTest" folder in "spellComponentsTest" target */ = {
			isa = PBXFileSystemSynchronizedBuildFileExceptionSet;
			membershipExceptions = (
				spellComponentsTest.swift,
			);
			target = 4B1973912D387697005D5F03 /* spellComponentsTest */;
		};
		4BD11DC62D30A14B00E5D356 /* Exceptions for "Wizard-Game Shared" folder in "Wizard-Game iOS" target */ = {
			isa = PBXFileSystemSynchronizedBuildFileExceptionSet;
			membershipExceptions = (
				Actions.sks,
				Assets.xcassets,
				GameScene.sks,
				GameScene.swift,
			);
			target = 4BD11DB42D30A14B00E5D356 /* Wizard-Game iOS */;
		};
/* End PBXFileSystemSynchronizedBuildFileExceptionSet section */

/* Begin PBXFileSystemSynchronizedRootGroup section */
		4B1973932D387697005D5F03 /* spellComponentsTest */ = {
			isa = PBXFileSystemSynchronizedRootGroup;
			exceptions = (
				4B19739E2D387A2C005D5F03 /* Exceptions for "spellComponentsTest" folder in "Wizard-Game iOS" target */,
				4B19739F2D3882C0005D5F03 /* Exceptions for "spellComponentsTest" folder in "spellComponentsTest" target */,
			);
			path = spellComponentsTest;
			sourceTree = "<group>";
		};
		4BD11DAC2D30A14A00E5D356 /* Wizard-Game Shared */ = {
			isa = PBXFileSystemSynchronizedRootGroup;
			exceptions = (
				4BD11DC62D30A14B00E5D356 /* Exceptions for "Wizard-Game Shared" folder in "Wizard-Game iOS" target */,
			);
			path = "Wizard-Game Shared";
			sourceTree = "<group>";
		};
		4BD11DB72D30A14B00E5D356 /* Wizard-Game iOS */ = {
			isa = PBXFileSystemSynchronizedRootGroup;
			path = "Wizard-Game iOS";
			sourceTree = "<group>";
		};
/* End PBXFileSystemSynchronizedRootGroup section */

/* Begin PBXFrameworksBuildPhase section */
		4B19738F2D387697005D5F03 /* Frameworks */ = {
			isa = PBXFrameworksBuildPhase;
			buildActionMask = 2147483647;
			files = (
				4B1973A22D388741005D5F03 /* XCTest.framework in Frameworks */,
			);
			runOnlyForDeploymentPostprocessing = 0;
		};
		4BD11DB22D30A14B00E5D356 /* Frameworks */ = {
			isa = PBXFrameworksBuildPhase;
			buildActionMask = 2147483647;
			files = (
				4B1973A32D388760005D5F03 /* XCTest.framework in Frameworks */,
			);
			runOnlyForDeploymentPostprocessing = 0;
		};
/* End PBXFrameworksBuildPhase section */

/* Begin PBXGroup section */
		4B1973A02D388741005D5F03 /* Frameworks */ = {
			isa = PBXGroup;
			children = (
				4B1973A12D388741005D5F03 /* XCTest.framework */,
			);
			name = Frameworks;
			sourceTree = "<group>";
		};
		4BD11DA72D30A14A00E5D356 = {
			isa = PBXGroup;
			children = (
				4BD11DDF2D30AA0600E5D356 /* App */,
				4BD11DE02D30AA0C00E5D356 /* Core */,
				4BD11DE12D30AA2200E5D356 /* UI */,
				4BD11DE22D30AA2A00E5D356 /* Resouces */,
				4BD11DE32D30AA3000E5D356 /* Config */,
				4BD11DAC2D30A14A00E5D356 /* Wizard-Game Shared */,
				4BD11DB72D30A14B00E5D356 /* Wizard-Game iOS */,
				4B1973932D387697005D5F03 /* spellComponentsTest */,
				4B1973A02D388741005D5F03 /* Frameworks */,
				4BD11DB62D30A14B00E5D356 /* Products */,
			);
			sourceTree = "<group>";
		};
		4BD11DB62D30A14B00E5D356 /* Products */ = {
			isa = PBXGroup;
			children = (
				4BD11DB52D30A14B00E5D356 /* Wizard-Game.app */,
				4B1973922D387697005D5F03 /* spellComponentsTest.xctest */,
			);
			name = Products;
			sourceTree = "<group>";
		};
		4BD11DDF2D30AA0600E5D356 /* App */ = {
			isa = PBXGroup;
			children = (
				4BD11DE42D30AD0A00E5D356 /* AppDelegate.swift */,
				4BD11DE52D30AD1400E5D356 /* SceneDelegate.swift */,
			);
			path = App;
			sourceTree = "<group>";
		};
		4BD11DE02D30AA0C00E5D356 /* Core */ = {
			isa = PBXGroup;
			children = (
				4BD11DE62D30AD2A00E5D356 /* Models */,
				4BD11DE72D30AD3300E5D356 /* Services */,
				4BD11DE82D30AD3800E5D356 /* Utils */,
			);
			path = Core;
			sourceTree = "<group>";
		};
		4BD11DE12D30AA2200E5D356 /* UI */ = {
			isa = PBXGroup;
			children = (
				4BD11DF62D30AE2600E5D356 /* Main */,
				4BD11DF52D30AE1F00E5D356 /* Grimoire */,
				4BD11DF42D30AE1200E5D356 /* Battle */,
				4BD11DF32D30AE0B00E5D356 /* Components */,
			);
			path = UI;
			sourceTree = "<group>";
		};
		4BD11DE22D30AA2A00E5D356 /* Resouces */ = {
			isa = PBXGroup;
			children = (
				4BD11E052D30AECF00E5D356 /* Assets.xcassets */,
				4BD11E042D30AECB00E5D356 /* Sounds */,
				4BD11E022D30AEB000E5D356 /* SpellComponents */,
			);
			path = Resouces;
			sourceTree = "<group>";
		};
		4BD11DE32D30AA3000E5D356 /* Config */ = {
			isa = PBXGroup;
			children = (
				4BD11E082D30AEFB00E5D356 /* Info.plist */,
				4BD11E072D30AEF200E5D356 /* GameConfiguration.swift */,
			);
			path = Config;
			sourceTree = "<group>";
		};
		4BD11DE62D30AD2A00E5D356 /* Models */ = {
			isa = PBXGroup;
			children = (
				4BD11DEC2D30AD6000E5D356 /* User.swift */,
				4BD11DEB2D30AD5900E5D356 /* Spell.swift */,
				4BD11DEA2D30AD4E00E5D356 /* SpellComponent.swift */,
				4BD11DE92D30AD4600E5D356 /* BattleState.swift */,
			);
			path = Models;
			sourceTree = "<group>";
		};
		4BD11DE72D30AD3300E5D356 /* Services */ = {
			isa = PBXGroup;
			children = (
				4BD11DF02D30AD8300E5D356 /* PythonInterpreter.swift */,
				4BD11DEF2D30AD7B00E5D356 /* NetworkManager.swift */,
				4BD11DED2D30AD6A00E5D356 /* UserManager.swift */,
			);
			path = Services;
			sourceTree = "<group>";
		};
		4BD11DE82D30AD3800E5D356 /* Utils */ = {
			isa = PBXGroup;
			children = (
				4BD11DF12D30ADF200E5D356 /* Constants.swift */,
				4BD11DF22D30ADF900E5D356 /* Extensions.swift */,
			);
			path = Utils;
			sourceTree = "<group>";
		};
		4BD11DF32D30AE0B00E5D356 /* Components */ = {
			isa = PBXGroup;
			children = (
				4BD11E012D30AE9900E5D356 /* SpellCardView.swift */,
				4BD11E002D30AE9100E5D356 /* GameBoardView.swift */,
				4BD11DFF2D30AE8900E5D356 /* WizardNode.swift */,
			);
			path = Components;
			sourceTree = "<group>";
		};
		4BD11DF42D30AE1200E5D356 /* Battle */ = {
			isa = PBXGroup;
			children = (
				4BD11DFE2D30AE7E00E5D356 /* BattleViewController.swift */,
				4BD11DFD2D30AE7600E5D356 /* GameScene.swift */,
				4BD11DFC2D30AE6A00E5D356 /* MatchMakingViewController.swift */,
			);
			path = Battle;
			sourceTree = "<group>";
		};
		4BD11DF52D30AE1F00E5D356 /* Grimoire */ = {
			isa = PBXGroup;
			children = (
				4BD11DFB2D30AE5E00E5D356 /* GrimoireViewController.swift */,
				4BD11DFA2D30AE5400E5D356 /* SpellEditorViewController.swift */,
				4BD11DF92D30AE4700E5D356 /* BattleTomeViewController.swift */,
			);
			path = Grimoire;
			sourceTree = "<group>";
		};
		4BD11DF62D30AE2600E5D356 /* Main */ = {
			isa = PBXGroup;
			children = (
				4BD11DF82D30AE3700E5D356 /* MainTabBarController.swift */,
				4BD11DF72D30AE2E00E5D356 /* MainMenuViewController.swift */,
			);
			path = Main;
			sourceTree = "<group>";
		};
		4BD11E022D30AEB000E5D356 /* SpellComponents */ = {
			isa = PBXGroup;
			children = (
			);
			path = SpellComponents;
			sourceTree = "<group>";
		};
		4BD11E042D30AECB00E5D356 /* Sounds */ = {
			isa = PBXGroup;
			children = (
			);
			path = Sounds;
			sourceTree = "<group>";
		};
		4BD11E052D30AECF00E5D356 /* Assets.xcassets */ = {
			isa = PBXGroup;
			children = (
			);
			path = Assets.xcassets;
			sourceTree = "<group>";
		};
/* End PBXGroup section */

/* Begin PBXNativeTarget section */
		4B1973912D387697005D5F03 /* spellComponentsTest */ = {
			isa = PBXNativeTarget;
			buildConfigurationList = 4B1973982D387697005D5F03 /* Build configuration list for PBXNativeTarget "spellComponentsTest" */;
			buildPhases = (
				4B19738E2D387697005D5F03 /* Sources */,
				4B19738F2D387697005D5F03 /* Frameworks */,
				4B1973902D387697005D5F03 /* Resources */,
			);
			buildRules = (
			);
			dependencies = (
				4B1973972D387697005D5F03 /* PBXTargetDependency */,
			);
			fileSystemSynchronizedGroups = (
				4B1973932D387697005D5F03 /* spellComponentsTest */,
			);
			name = spellComponentsTest;
			packageProductDependencies = (
			);
			productName = spellComponentsTest;
			productReference = 4B1973922D387697005D5F03 /* spellComponentsTest.xctest */;
			productType = "com.apple.product-type.bundle.unit-test";
		};
		4BD11DB42D30A14B00E5D356 /* Wizard-Game iOS */ = {
			isa = PBXNativeTarget;
			buildConfigurationList = 4BD11DC72D30A14B00E5D356 /* Build configuration list for PBXNativeTarget "Wizard-Game iOS" */;
			buildPhases = (
				4BD11DB12D30A14B00E5D356 /* Sources */,
				4BD11DB22D30A14B00E5D356 /* Frameworks */,
				4BD11DB32D30A14B00E5D356 /* Resources */,
			);
			buildRules = (
			);
			dependencies = (
			);
			fileSystemSynchronizedGroups = (
				4BD11DB72D30A14B00E5D356 /* Wizard-Game iOS */,
			);
			name = "Wizard-Game iOS";
			packageProductDependencies = (
			);
			productName = "Wizard-Game iOS";
			productReference = 4BD11DB52D30A14B00E5D356 /* Wizard-Game.app */;
			productType = "com.apple.product-type.application";
		};
/* End PBXNativeTarget section */

/* Begin PBXProject section */
		4BD11DA82D30A14A00E5D356 /* Project object */ = {
			isa = PBXProject;
			attributes = {
				BuildIndependentTargetsInParallel = 1;
				LastSwiftUpdateCheck = 1610;
				LastUpgradeCheck = 1610;
				TargetAttributes = {
					4B1973912D387697005D5F03 = {
						CreatedOnToolsVersion = 16.1;
						TestTargetID = 4BD11DB42D30A14B00E5D356;
					};
					4BD11DB42D30A14B00E5D356 = {
						CreatedOnToolsVersion = 16.1;
					};
				};
			};
			buildConfigurationList = 4BD11DAB2D30A14A00E5D356 /* Build configuration list for PBXProject "Wizard-Game" */;
			developmentRegion = en;
			hasScannedForEncodings = 0;
			knownRegions = (
				en,
				Base,
			);
			mainGroup = 4BD11DA72D30A14A00E5D356;
			minimizedProjectReferenceProxies = 1;
			preferredProjectObjectVersion = 77;
			productRefGroup = 4BD11DB62D30A14B00E5D356 /* Products */;
			projectDirPath = "";
			projectRoot = "";
			targets = (
				4BD11DB42D30A14B00E5D356 /* Wizard-Game iOS */,
				4B1973912D387697005D5F03 /* spellComponentsTest */,
			);
		};
/* End PBXProject section */

/* Begin PBXResourcesBuildPhase section */
		4B1973902D387697005D5F03 /* Resources */ = {
			isa = PBXResourcesBuildPhase;
			buildActionMask = 2147483647;
			files = (
			);
			runOnlyForDeploymentPostprocessing = 0;
		};
		4BD11DB32D30A14B00E5D356 /* Resources */ = {
			isa = PBXResourcesBuildPhase;
			buildActionMask = 2147483647;
			files = (
			);
			runOnlyForDeploymentPostprocessing = 0;
		};
/* End PBXResourcesBuildPhase section */

/* Begin PBXSourcesBuildPhase section */
		4B19738E2D387697005D5F03 /* Sources */ = {
			isa = PBXSourcesBuildPhase;
			buildActionMask = 2147483647;
			files = (
			);
			runOnlyForDeploymentPostprocessing = 0;
		};
		4BD11DB12D30A14B00E5D356 /* Sources */ = {
			isa = PBXSourcesBuildPhase;
			buildActionMask = 2147483647;
			files = (
				4BE4C3DB2D3EBD810003DC7F /* BattleState.swift in Sources */,
				4B19739B2D387A11005D5F03 /* SpellComponent.swift in Sources */,
				4BE9C7152D400CB600193AC1 /* User.swift in Sources */,
				4B88C0412D3DD619000D34DE /* Spell.swift in Sources */,
			);
			runOnlyForDeploymentPostprocessing = 0;
		};
/* End PBXSourcesBuildPhase section */

/* Begin PBXTargetDependency section */
		4B1973972D387697005D5F03 /* PBXTargetDependency */ = {
			isa = PBXTargetDependency;
			target = 4BD11DB42D30A14B00E5D356 /* Wizard-Game iOS */;
			targetProxy = 4B1973962D387697005D5F03 /* PBXContainerItemProxy */;
		};
/* End PBXTargetDependency section */

/* Begin XCBuildConfiguration section */
		4B1973992D387697005D5F03 /* Debug */ = {
			isa = XCBuildConfiguration;
			buildSettings = {
				BUNDLE_LOADER = "$(TEST_HOST)";
				CODE_SIGN_STYLE = Automatic;
				CURRENT_PROJECT_VERSION = 1;
				GENERATE_INFOPLIST_FILE = YES;
				IPHONEOS_DEPLOYMENT_TARGET = 18.1;
				MARKETING_VERSION = 1.0;
				PRODUCT_BUNDLE_IDENTIFIER = WizardGaming.spellComponentsTest;
				PRODUCT_NAME = "$(TARGET_NAME)";
				SDKROOT = iphoneos;
				SWIFT_EMIT_LOC_STRINGS = NO;
				SWIFT_VERSION = 5.0;
				TARGETED_DEVICE_FAMILY = "1,2";
				TEST_HOST = "$(BUILT_PRODUCTS_DIR)/Wizard-Game.app/$(BUNDLE_EXECUTABLE_FOLDER_PATH)/Wizard-Game";
			};
			name = Debug;
		};
		4B19739A2D387697005D5F03 /* Release */ = {
			isa = XCBuildConfiguration;
			buildSettings = {
				BUNDLE_LOADER = "$(TEST_HOST)";
				CODE_SIGN_STYLE = Automatic;
				CURRENT_PROJECT_VERSION = 1;
				GENERATE_INFOPLIST_FILE = YES;
				IPHONEOS_DEPLOYMENT_TARGET = 18.1;
				MARKETING_VERSION = 1.0;
				PRODUCT_BUNDLE_IDENTIFIER = WizardGaming.spellComponentsTest;
				PRODUCT_NAME = "$(TARGET_NAME)";
				SDKROOT = iphoneos;
				SWIFT_EMIT_LOC_STRINGS = NO;
				SWIFT_VERSION = 5.0;
				TARGETED_DEVICE_FAMILY = "1,2";
				TEST_HOST = "$(BUILT_PRODUCTS_DIR)/Wizard-Game.app/$(BUNDLE_EXECUTABLE_FOLDER_PATH)/Wizard-Game";
				VALIDATE_PRODUCT = YES;
			};
			name = Release;
		};
		4BD11DC82D30A14B00E5D356 /* Debug */ = {
			isa = XCBuildConfiguration;
			buildSettings = {
				ASSETCATALOG_COMPILER_APPICON_NAME = AppIcon;
				ASSETCATALOG_COMPILER_GLOBAL_ACCENT_COLOR_NAME = AccentColor;
				CODE_SIGN_STYLE = Automatic;
				CURRENT_PROJECT_VERSION = 1;
				GENERATE_INFOPLIST_FILE = YES;
				INFOPLIST_KEY_UIApplicationSupportsIndirectInputEvents = YES;
				INFOPLIST_KEY_UILaunchStoryboardName = LaunchScreen;
				INFOPLIST_KEY_UIMainStoryboardFile = Main;
				INFOPLIST_KEY_UIStatusBarHidden = YES;
				INFOPLIST_KEY_UISupportedInterfaceOrientations_iPad = "UIInterfaceOrientationPortrait UIInterfaceOrientationPortraitUpsideDown UIInterfaceOrientationLandscapeLeft UIInterfaceOrientationLandscapeRight";
				INFOPLIST_KEY_UISupportedInterfaceOrientations_iPhone = "UIInterfaceOrientationPortrait UIInterfaceOrientationLandscapeLeft UIInterfaceOrientationLandscapeRight";
				IPHONEOS_DEPLOYMENT_TARGET = 18.1;
				LD_RUNPATH_SEARCH_PATHS = (
					"$(inherited)",
					"@executable_path/Frameworks",
				);
				MARKETING_VERSION = 1.0;
				PRODUCT_BUNDLE_IDENTIFIER = "WizardGaming.Wizard-Game";
				PRODUCT_NAME = "Wizard-Game";
				SDKROOT = iphoneos;
				SWIFT_EMIT_LOC_STRINGS = YES;
				SWIFT_VERSION = 5.0;
				TARGETED_DEVICE_FAMILY = "1,2";
			};
			name = Debug;
		};
		4BD11DC92D30A14B00E5D356 /* Release */ = {
			isa = XCBuildConfiguration;
			buildSettings = {
				ASSETCATALOG_COMPILER_APPICON_NAME = AppIcon;
				ASSETCATALOG_COMPILER_GLOBAL_ACCENT_COLOR_NAME = AccentColor;
				CODE_SIGN_STYLE = Automatic;
				CURRENT_PROJECT_VERSION = 1;
				GENERATE_INFOPLIST_FILE = YES;
				INFOPLIST_KEY_UIApplicationSupportsIndirectInputEvents = YES;
				INFOPLIST_KEY_UILaunchStoryboardName = LaunchScreen;
				INFOPLIST_KEY_UIMainStoryboardFile = Main;
				INFOPLIST_KEY_UIStatusBarHidden = YES;
				INFOPLIST_KEY_UISupportedInterfaceOrientations_iPad = "UIInterfaceOrientationPortrait UIInterfaceOrientationPortraitUpsideDown UIInterfaceOrientationLandscapeLeft UIInterfaceOrientationLandscapeRight";
				INFOPLIST_KEY_UISupportedInterfaceOrientations_iPhone = "UIInterfaceOrientationPortrait UIInterfaceOrientationLandscapeLeft UIInterfaceOrientationLandscapeRight";
				IPHONEOS_DEPLOYMENT_TARGET = 18.1;
				LD_RUNPATH_SEARCH_PATHS = (
					"$(inherited)",
					"@executable_path/Frameworks",
				);
				MARKETING_VERSION = 1.0;
				PRODUCT_BUNDLE_IDENTIFIER = "WizardGaming.Wizard-Game";
				PRODUCT_NAME = "Wizard-Game";
				SDKROOT = iphoneos;
				SWIFT_EMIT_LOC_STRINGS = YES;
				SWIFT_VERSION = 5.0;
				TARGETED_DEVICE_FAMILY = "1,2";
				VALIDATE_PRODUCT = YES;
			};
			name = Release;
		};
		4BD11DCA2D30A14B00E5D356 /* Debug */ = {
			isa = XCBuildConfiguration;
			buildSettings = {
				ALWAYS_SEARCH_USER_PATHS = NO;
				ASSETCATALOG_COMPILER_GENERATE_SWIFT_ASSET_SYMBOL_EXTENSIONS = YES;
				CLANG_ANALYZER_NONNULL = YES;
				CLANG_ANALYZER_NUMBER_OBJECT_CONVERSION = YES_AGGRESSIVE;
				CLANG_CXX_LANGUAGE_STANDARD = "gnu++20";
				CLANG_ENABLE_MODULES = YES;
				CLANG_ENABLE_OBJC_ARC = YES;
				CLANG_ENABLE_OBJC_WEAK = YES;
				CLANG_WARN_BLOCK_CAPTURE_AUTORELEASING = YES;
				CLANG_WARN_BOOL_CONVERSION = YES;
				CLANG_WARN_COMMA = YES;
				CLANG_WARN_CONSTANT_CONVERSION = YES;
				CLANG_WARN_DEPRECATED_OBJC_IMPLEMENTATIONS = YES;
				CLANG_WARN_DIRECT_OBJC_ISA_USAGE = YES_ERROR;
				CLANG_WARN_DOCUMENTATION_COMMENTS = YES;
				CLANG_WARN_EMPTY_BODY = YES;
				CLANG_WARN_ENUM_CONVERSION = YES;
				CLANG_WARN_INFINITE_RECURSION = YES;
				CLANG_WARN_INT_CONVERSION = YES;
				CLANG_WARN_NON_LITERAL_NULL_CONVERSION = YES;
				CLANG_WARN_OBJC_IMPLICIT_RETAIN_SELF = YES;
				CLANG_WARN_OBJC_LITERAL_CONVERSION = YES;
				CLANG_WARN_OBJC_ROOT_CLASS = YES_ERROR;
				CLANG_WARN_QUOTED_INCLUDE_IN_FRAMEWORK_HEADER = YES;
				CLANG_WARN_RANGE_LOOP_ANALYSIS = YES;
				CLANG_WARN_STRICT_PROTOTYPES = YES;
				CLANG_WARN_SUSPICIOUS_MOVE = YES;
				CLANG_WARN_UNGUARDED_AVAILABILITY = YES_AGGRESSIVE;
				CLANG_WARN_UNREACHABLE_CODE = YES;
				CLANG_WARN__DUPLICATE_METHOD_MATCH = YES;
				COPY_PHASE_STRIP = NO;
				DEBUG_INFORMATION_FORMAT = dwarf;
				ENABLE_STRICT_OBJC_MSGSEND = YES;
				ENABLE_TESTABILITY = YES;
				ENABLE_USER_SCRIPT_SANDBOXING = YES;
				GCC_C_LANGUAGE_STANDARD = gnu17;
				GCC_DYNAMIC_NO_PIC = NO;
				GCC_NO_COMMON_BLOCKS = YES;
				GCC_OPTIMIZATION_LEVEL = 0;
				GCC_PREPROCESSOR_DEFINITIONS = (
					"DEBUG=1",
					"$(inherited)",
				);
				GCC_WARN_64_TO_32_BIT_CONVERSION = YES;
				GCC_WARN_ABOUT_RETURN_TYPE = YES_ERROR;
				GCC_WARN_UNDECLARED_SELECTOR = YES;
				GCC_WARN_UNINITIALIZED_AUTOS = YES_AGGRESSIVE;
				GCC_WARN_UNUSED_FUNCTION = YES;
				GCC_WARN_UNUSED_VARIABLE = YES;
				LOCALIZATION_PREFERS_STRING_CATALOGS = YES;
				MTL_ENABLE_DEBUG_INFO = INCLUDE_SOURCE;
				MTL_FAST_MATH = YES;
				ONLY_ACTIVE_ARCH = YES;
				SWIFT_ACTIVE_COMPILATION_CONDITIONS = "DEBUG $(inherited)";
				SWIFT_OPTIMIZATION_LEVEL = "-Onone";
			};
			name = Debug;
		};
		4BD11DCB2D30A14B00E5D356 /* Release */ = {
			isa = XCBuildConfiguration;
			buildSettings = {
				ALWAYS_SEARCH_USER_PATHS = NO;
				ASSETCATALOG_COMPILER_GENERATE_SWIFT_ASSET_SYMBOL_EXTENSIONS = YES;
				CLANG_ANALYZER_NONNULL = YES;
				CLANG_ANALYZER_NUMBER_OBJECT_CONVERSION = YES_AGGRESSIVE;
				CLANG_CXX_LANGUAGE_STANDARD = "gnu++20";
				CLANG_ENABLE_MODULES = YES;
				CLANG_ENABLE_OBJC_ARC = YES;
				CLANG_ENABLE_OBJC_WEAK = YES;
				CLANG_WARN_BLOCK_CAPTURE_AUTORELEASING = YES;
				CLANG_WARN_BOOL_CONVERSION = YES;
				CLANG_WARN_COMMA = YES;
				CLANG_WARN_CONSTANT_CONVERSION = YES;
				CLANG_WARN_DEPRECATED_OBJC_IMPLEMENTATIONS = YES;
				CLANG_WARN_DIRECT_OBJC_ISA_USAGE = YES_ERROR;
				CLANG_WARN_DOCUMENTATION_COMMENTS = YES;
				CLANG_WARN_EMPTY_BODY = YES;
				CLANG_WARN_ENUM_CONVERSION = YES;
				CLANG_WARN_INFINITE_RECURSION = YES;
				CLANG_WARN_INT_CONVERSION = YES;
				CLANG_WARN_NON_LITERAL_NULL_CONVERSION = YES;
				CLANG_WARN_OBJC_IMPLICIT_RETAIN_SELF = YES;
				CLANG_WARN_OBJC_LITERAL_CONVERSION = YES;
				CLANG_WARN_OBJC_ROOT_CLASS = YES_ERROR;
				CLANG_WARN_QUOTED_INCLUDE_IN_FRAMEWORK_HEADER = YES;
				CLANG_WARN_RANGE_LOOP_ANALYSIS = YES;
				CLANG_WARN_STRICT_PROTOTYPES = YES;
				CLANG_WARN_SUSPICIOUS_MOVE = YES;
				CLANG_WARN_UNGUARDED_AVAILABILITY = YES_AGGRESSIVE;
				CLANG_WARN_UNREACHABLE_CODE = YES;
				CLANG_WARN__DUPLICATE_METHOD_MATCH = YES;
				COPY_PHASE_STRIP = NO;
				DEBUG_INFORMATION_FORMAT = "dwarf-with-dsym";
				ENABLE_NS_ASSERTIONS = NO;
				ENABLE_STRICT_OBJC_MSGSEND = YES;
				ENABLE_USER_SCRIPT_SANDBOXING = YES;
				GCC_C_LANGUAGE_STANDARD = gnu17;
				GCC_NO_COMMON_BLOCKS = YES;
				GCC_WARN_64_TO_32_BIT_CONVERSION = YES;
				GCC_WARN_ABOUT_RETURN_TYPE = YES_ERROR;
				GCC_WARN_UNDECLARED_SELECTOR = YES;
				GCC_WARN_UNINITIALIZED_AUTOS = YES_AGGRESSIVE;
				GCC_WARN_UNUSED_FUNCTION = YES;
				GCC_WARN_UNUSED_VARIABLE = YES;
				LOCALIZATION_PREFERS_STRING_CATALOGS = YES;
				MTL_ENABLE_DEBUG_INFO = NO;
				MTL_FAST_MATH = YES;
				SWIFT_COMPILATION_MODE = wholemodule;
			};
			name = Release;
		};
/* End XCBuildConfiguration section */

/* Begin XCConfigurationList section */
		4B1973982D387697005D5F03 /* Build configuration list for PBXNativeTarget "spellComponentsTest" */ = {
			isa = XCConfigurationList;
			buildConfigurations = (
				4B1973992D387697005D5F03 /* Debug */,
				4B19739A2D387697005D5F03 /* Release */,
			);
			defaultConfigurationIsVisible = 0;
			defaultConfigurationName = Release;
		};
		4BD11DAB2D30A14A00E5D356 /* Build configuration list for PBXProject "Wizard-Game" */ = {
			isa = XCConfigurationList;
			buildConfigurations = (
				4BD11DCA2D30A14B00E5D356 /* Debug */,
				4BD11DCB2D30A14B00E5D356 /* Release */,
			);
			defaultConfigurationIsVisible = 0;
			defaultConfigurationName = Release;
		};
		4BD11DC72D30A14B00E5D356 /* Build configuration list for PBXNativeTarget "Wizard-Game iOS" */ = {
			isa = XCConfigurationList;
			buildConfigurations = (
				4BD11DC82D30A14B00E5D356 /* Debug */,
				4BD11DC92D30A14B00E5D356 /* Release */,
			);
			defaultConfigurationIsVisible = 0;
			defaultConfigurationName = Release;
		};
/* End XCConfigurationList section */
	};
	rootObject = 4BD11DA82D30A14A00E5D356 /* Project object */;
}
